
Microsoft Visual Studio Solution File, Format Version 12.00
# Visual Studio Version 17
VisualStudioVersion = 17.14.36203.30 d17.14
MinimumVisualStudioVersion = 10.0.40219.1
Project("{FAE04EC0-301F-11D3-BF4B-00C04F79EFBC}") = "SharpE2e.Core", "SharpE2e.Core\SharpE2e.Core.csproj", "{0260AFD9-6AD8-406C-B89F-CD890434A7CD}"
EndProject
Global
	GlobalSection(SolutionConfigurationPlatforms) = preSolution
		Debug|Any CPU = Debug|Any CPU
		Release|Any CPU = Release|Any CPU
	EndGlobalSection
	GlobalSection(ProjectConfigurationPlatforms) = postSolution
		{0260AFD9-6AD8-406C-B89F-CD890434A7CD}.Debug|Any CPU.ActiveCfg = Debug|Any CPU
		{0260AFD9-6AD8-406C-B89F-CD890434A7CD}.Debug|Any CPU.Build.0 = Debug|Any CPU
		{0260AFD9-6AD8-406C-B89F-CD890434A7CD}.Release|Any CPU.ActiveCfg = Release|Any CPU
		{0260AFD9-6AD8-406C-B89F-CD890434A7CD}.Release|Any CPU.Build.0 = Release|Any CPU
	EndGlobalSection
	GlobalSection(SolutionProperties) = preSolution
		HideSolutionNode = FALSE
	EndGlobalSection
	GlobalSection(ExtensibilityGlobals) = postSolution
		SolutionGuid = {00652CDA-FDF4-4CA3-93C9-63E0D1D7F180}
	EndGlobalSection
EndGlobal
